Microsoft Visual Studio Solution File, Format Version 12.00
# Visual Studio Version 17
VisualStudioVersion = 17.0.31410.414
MinimumVisualStudioVersion = 10.0.40219.1
Project("{9A19103F-16F7-4668-BE54-9A1E7A4F7556}") = "Core-net6", "src\Core\src\Core-net6.csproj", "{95BA42B5-B00E-4986-B9B5-517140378452}"
EndProject
Project("{2150E333-8FDC-42A3-9474-1A3956D46DE8}") = "Files", "Files", "{449F6071-A74F-4309-8D7B-7038CFD1B17B}"
	ProjectSection(SolutionItems) = preProject
		.nuspec\Microsoft.Maui.Controls.MultiTargeting.targets = .nuspec\Microsoft.Maui.Controls.MultiTargeting.targets
		README.md = README.md
	EndProjectSection
EndProject
Project("{9A19103F-16F7-4668-BE54-9A1E7A4F7556}") = "Controls.Core-net6", "src\Controls\src\Core\Controls.Core-net6.csproj", "{AF64451F-E2BD-41C2-B083-F60C26AE2A9F}"
EndProject
Project("{9A19103F-16F7-4668-BE54-9A1E7A4F7556}") = "Compatibility-net6", "src\Compatibility\Core\src\Compatibility-net6.csproj", "{00A11C2F-969F-4964-8557-91ADF4B1523D}"
EndProject
Project("{9A19103F-16F7-4668-BE54-9A1E7A4F7556}") = "Compatibility.Android.FormsViewGroup-net6", "src\Compatibility\Core\src\Android.FormsViewGroup\Compatibility.Android.FormsViewGroup-net6.csproj", "{EB956381-F3E6-437C-9069-36B8BF5C6E2F}"
EndProject
Project("{2150E333-8FDC-42A3-9474-1A3956D46DE8}") = "Controls", "Controls", "{459BF674-83CB-46F6-881F-A2D2117DBF4D}"
EndProject
Project("{2150E333-8FDC-42A3-9474-1A3956D46DE8}") = "samples", "samples", "{E1082E26-D700-4127-9329-66D673FD2D55}"
EndProject
Project("{9A19103F-16F7-4668-BE54-9A1E7A4F7556}") = "Maui.Controls.Sample-net6", "src\Controls\samples\Controls.Sample\Maui.Controls.Sample-net6.csproj", "{B8DC1324-977C-46F1-B697-9064ADE6099A}"
EndProject
Project("{9A19103F-16F7-4668-BE54-9A1E7A4F7556}") = "Maui.Controls.Sample.Droid-net6", "src\Controls\samples\Controls.Sample.Droid\Maui.Controls.Sample.Droid-net6.csproj", "{BE50FAEF-4096-48B5-B9CE-EE0C38F15A18}"
EndProject
Project("{9A19103F-16F7-4668-BE54-9A1E7A4F7556}") = "Maui.Controls.Sample.iOS-net6", "src\Controls\samples\Controls.Sample.iOS\Maui.Controls.Sample.iOS-net6.csproj", "{1C3439E6-73D7-4F8E-A64A-5448F5CB18DE}"
EndProject
Project("{9A19103F-16F7-4668-BE54-9A1E7A4F7556}") = "Maui.Controls.Sample.MacCatalyst-net6", "src\Controls\samples\Controls.Sample.MacCatalyst\Maui.Controls.Sample.MacCatalyst-net6.csproj", "{D7FE9FD0-144A-4199-93FC-3AD62325F1D6}"
EndProject
Project("{9A19103F-16F7-4668-BE54-9A1E7A4F7556}") = "Maui.Controls.Sample.SingleProject", "src\Controls\samples\Controls.Sample.SingleProject\Maui.Controls.Sample.SingleProject.csproj", "{CB495F62-CFE6-4975-AED8-F26B6C5D0113}"
EndProject
Project("{2150E333-8FDC-42A3-9474-1A3956D46DE8}") = "Compatibility", "Compatibility", "{123AA89E-1638-4E0E-B828-B8F9F9F906A2}"
EndProject
Project("{2150E333-8FDC-42A3-9474-1A3956D46DE8}") = "Core", "Core", "{09C264E9-E3F3-4586-9151-DCBB1F6DA7AB}"
EndProject
Project("{9A19103F-16F7-4668-BE54-9A1E7A4F7556}") = "Controls.Build.Tasks-net6", "src\Controls\src\Build.Tasks\Controls.Build.Tasks-net6.csproj", "{75C380E0-CE53-4C01-B89F-CF685331DE18}"
EndProject
Project("{2150E333-8FDC-42A3-9474-1A3956D46DE8}") = "Essentials", "Essentials", "{94F3C036-A5F4-4ACC-A028-8506802ADB88}"
EndProject
Project("{9A19103F-16F7-4668-BE54-9A1E7A4F7556}") = "Essentials-net6", "src\Essentials\src\Essentials-net6.csproj", "{39B47A3C-21CA-4B28-9250-14FD957EB0FC}"
EndProject
Project("{2150E333-8FDC-42A3-9474-1A3956D46DE8}") = "SingleProject", "SingleProject", "{D5478E0A-5D9C-4C1F-980C-7A9FC71F925E}"
EndProject
Project("{9A19103F-16F7-4668-BE54-9A1E7A4F7556}") = "Resizetizer", "src\SingleProject\Resizetizer\src\Resizetizer.csproj", "{9909F93F-C085-4F76-B92A-5D8C516BF47D}"
EndProject
Project("{9A19103F-16F7-4668-BE54-9A1E7A4F7556}") = "Package-net6", "src\Package\Package-net6.csproj", "{5BEB3326-79B4-438C-BF65-274202F387EC}"
EndProject
Project("{9A19103F-16F7-4668-BE54-9A1E7A4F7556}") = "Controls.Xaml-net6", "src\Controls\src\Xaml\Controls.Xaml-net6.csproj", "{CC3D4667-D94E-4276-9311-6439BFD075E4}"
EndProject
Project("{9A19103F-16F7-4668-BE54-9A1E7A4F7556}") = "Microsoft.Maui.Templates", "src\Templates\src\Microsoft.Maui.Templates.csproj", "{DAAC2822-63B6-4DE0-83AE-04873CD2F364}"
EndProject
Project("{2150E333-8FDC-42A3-9474-1A3956D46DE8}") = "TestUtils", "TestUtils", "{6998CAA1-11D4-46B2-B80F-0AC882F58124}"
EndProject
Project("{9A19103F-16F7-4668-BE54-9A1E7A4F7556}") = "TestUtils", "src\TestUtils\TestUtils\src\TestUtils.csproj", "{FBB3270F-1924-4A72-845E-A6DF39C402F6}"
EndProject
Project("{9A19103F-16F7-4668-BE54-9A1E7A4F7556}") = "Core.UnitTests", "src\Core\tests\UnitTests\Core.UnitTests.csproj", "{92644F6F-5946-48FC-A21A-A3D6EE24E8B3}"
EndProject
Project("{2150E333-8FDC-42A3-9474-1A3956D46DE8}") = "src", "src", "{E8AD265B-3C67-4640-AC58-A522F9FB3361}"
EndProject
Project("{2150E333-8FDC-42A3-9474-1A3956D46DE8}") = "test", "test", "{C564DDD6-DE79-45CD-88EA-3F690481572A}"
EndProject
Project("{2150E333-8FDC-42A3-9474-1A3956D46DE8}") = "src", "src", "{50C758FE-4E10-409A-94F5-A75480960864}"
EndProject
Project("{2150E333-8FDC-42A3-9474-1A3956D46DE8}") = "Templates", "Templates", "{72397ADB-40A8-4B8E-8E08-2DBE2803C845}"
EndProject
Project("{2150E333-8FDC-42A3-9474-1A3956D46DE8}") = "BlazorWebView", "BlazorWebView", "{1614D1A4-5C3D-4D5B-8C89-426E37A564EF}"
EndProject
Project("{9A19103F-16F7-4668-BE54-9A1E7A4F7556}") = "Microsoft.AspNetCore.Components.WebView.Maui", "src\BlazorWebView\src\Maui\Microsoft.AspNetCore.Components.WebView.Maui.csproj", "{F7F2B379-52CE-4802-9EC9-0D7967B6BFB7}"
EndProject
Project("{9A19103F-16F7-4668-BE54-9A1E7A4F7556}") = "Controls.Core.Design-net6", "src\Controls\src\Core.Design\Controls.Core.Design-net6.csproj", "{F2A419ED-B18E-4075-9969-536C2EC67F82}"
EndProject
Project("{9A19103F-16F7-4668-BE54-9A1E7A4F7556}") = "Controls.Xaml.Design-net6", "src\Controls\src\Xaml.Design\Controls.Xaml.Design-net6.csproj", "{F9AEE4C0-9E67-4B87-932E-26EDF0FC932A}"
EndProject
Project("{9A19103F-16F7-4668-BE54-9A1E7A4F7556}") = "MauiRazorClassLibrarySample", "src\BlazorWebView\samples\MauiRazorClassLibrarySample\MauiRazorClassLibrarySample.csproj", "{4515DAA4-9801-401D-A7A0-38D019B3B19F}"
EndProject
Project("{9A19103F-16F7-4668-BE54-9A1E7A4F7556}") = "Controls.SourceGen-net6", "src\Controls\src\SourceGen\Controls.SourceGen-net6.csproj", "{22C17254-2CB4-4AE7-A558-E3208E1D19D3}"
EndProject
Project("{9A19103F-16F7-4668-BE54-9A1E7A4F7556}") = "TestUtils.DeviceTests-net6", "src\TestUtils\TestUtils.DeviceTests\src\TestUtils.DeviceTests-net6.csproj", "{ACE5B2A1-4DA9-47A9-8CE7-164595048E6E}"
EndProject
Project("{9A19103F-16F7-4668-BE54-9A1E7A4F7556}") = "Core.DeviceTests-net6", "src\Core\tests\DeviceTests\Core.DeviceTests-net6.csproj", "{E4B95A7E-968D-4970-80C9-A1CAD14E31EC}"
EndProject
Project("{2150E333-8FDC-42A3-9474-1A3956D46DE8}") = "src", "src", "{F3FFE2E4-E89E-46A9-A180-FDA8908BA21D}"
EndProject
Project("{2150E333-8FDC-42A3-9474-1A3956D46DE8}") = "test", "test", "{E25E7929-2423-4C8A-9B03-DC4C8B19A2E5}"
EndProject
Project("{9A19103F-16F7-4668-BE54-9A1E7A4F7556}") = "Resizetizer.UnitTests", "src\SingleProject\Resizetizer\test\UnitTests\Resizetizer.UnitTests.csproj", "{05DB57B8-D0A5-499B-AD35-7093C2E9C9D7}"
EndProject
Project("{2150E333-8FDC-42A3-9474-1A3956D46DE8}") = "samples", "samples", "{A8E9400E-70DD-421F-8609-1C2FA4AE8E71}"
EndProject
Project("{9A19103F-16F7-4668-BE54-9A1E7A4F7556}") = "Microsoft.AspNetCore.Components.WebView.WebView2", "src\BlazorWebView\src\WebView2\Microsoft.AspNetCore.Components.WebView.WebView2.csproj", "{5256004D-AA93-4C44-A59E-026E12756BD1}"
EndProject
Project("{9A19103F-16F7-4668-BE54-9A1E7A4F7556}") = "WebViewAppShared", "src\BlazorWebView\samples\WebViewAppShared\WebViewAppShared.csproj", "{9F1E0CE0-BF56-433F-8238-6C2B880EEF18}"
EndProject
Project("{2150E333-8FDC-42A3-9474-1A3956D46DE8}") = "src", "src", "{2B9D498E-DB43-4FA9-A62E-3781D3B70F75}"
EndProject
Project("{2150E333-8FDC-42A3-9474-1A3956D46DE8}") = "test", "test", "{AB8AC5E6-3FED-40E5-89A4-7DBCBB23882A}"
EndProject
Project("{2150E333-8FDC-42A3-9474-1A3956D46DE8}") = "ControlGallery", "ControlGallery", "{C024CA06-323D-4A69-8C24-29FA935E5CEC}"
EndProject
Project("{2150E333-8FDC-42A3-9474-1A3956D46DE8}") = "src", "src", "{43DBC453-37AA-4CE0-9B14-75F680F73983}"
EndProject
Project("{2150E333-8FDC-42A3-9474-1A3956D46DE8}") = "test", "test", "{486F33D7-541C-444F-8DD0-CBFAD645EB1E}"
EndProject
Project("{9A19103F-16F7-4668-BE54-9A1E7A4F7556}") = "Compatibility.UnitTests", "src\Compatibility\Core\tests\Compatibility.UnitTests.csproj", "{3E944BE9-8762-454F-AD63-0E6965D36383}"
EndProject
Project("{9A19103F-16F7-4668-BE54-9A1E7A4F7556}") = "Controls.CustomAttributes", "src\Controls\tests\CustomAttributes\Controls.CustomAttributes.csproj", "{2C153F56-1E1F-4F1C-B59B-BCE1375666B7}"
EndProject
Project("{FAE04EC0-301F-11D3-BF4B-00C04F79EFBC}") = "Compatibility.ControlGallery.iOS.UITests", "src\Compatibility\ControlGallery\test\iOS.UITests\Compatibility.ControlGallery.iOS.UITests.csproj", "{EADD8100-B3AE-4A31-92C4-267A64A1C6EB}"
EndProject
Project("{9A19103F-16F7-4668-BE54-9A1E7A4F7556}") = "Controls.Maps-net6", "src\Controls\Maps\src\Controls.Maps-net6.csproj", "{61B7CAA3-0050-4223-A4D5-301E1D1EBA32}"
EndProject
Project("{D954291E-2A0B-460D-934E-DC6B0785DB48}") = "Compatibility.UITests.Shared", "src\Compatibility\ControlGallery\test\UITests.Shared\Compatibility.UITests.Shared.shproj", "{E175485B-3C8C-47D7-8DD5-F7FED627EB25}"
EndProject
Project("{D954291E-2A0B-460D-934E-DC6B0785DB48}") = "Compatibility.ControlGallery.Issues.Shared", "src\Compatibility\ControlGallery\src\Issues.Shared\Compatibility.ControlGallery.Issues.Shared.shproj", "{AE2513CB-4E5E-4E5C-8237-88954D4C9433}"
EndProject
Project("{9A19103F-16F7-4668-BE54-9A1E7A4F7556}") = "Compatibility.ControlGallery.Core", "src\Compatibility\ControlGallery\src\Core\Compatibility.ControlGallery.Core.csproj", "{B90E5807-B4E6-4643-81F0-F1C7D1ECC6D2}"
EndProject
Project("{9A19103F-16F7-4668-BE54-9A1E7A4F7556}") = "Compatibility.ControlGallery", "src\Compatibility\ControlGallery\src\Compatibility.ControlGallery.csproj", "{0870578B-9E45-4418-83F1-3CB8940C1847}"
EndProject
Project("{FAE04EC0-301F-11D3-BF4B-00C04F79EFBC}") = "Compatibility.ControlGallery.iOS", "src\Compatibility\ControlGallery\src\iOS\Compatibility.ControlGallery.iOS.csproj", "{C7131F14-274F-4B55-ACA9-E81731AD012F}"
EndProject
Project("{9A19103F-16F7-4668-BE54-9A1E7A4F7556}") = "Compatibility.Maps", "src\Compatibility\Maps\src\Compatibility.Maps.csproj", "{D084EF3B-89DD-4D81-A8BE-0DA7CFC2A82B}"
EndProject
Global
	GlobalSection(SharedMSBuildProjectFiles) = preSolution
		src\Compatibility\ControlGallery\src\Issues.Shared\Compatibility.ControlGallery.Issues.Shared.projitems*{ae2513cb-4e5e-4e5c-8237-88954d4c9433}*SharedItemsImports = 13
		src\Compatibility\ControlGallery\src\Issues.Shared\Compatibility.ControlGallery.Issues.Shared.projitems*{b90e5807-b4e6-4643-81f0-f1c7d1ecc6d2}*SharedItemsImports = 5
		src\Compatibility\ControlGallery\test\UITests.Shared\Compatibility.UITests.projitems*{e175485b-3c8c-47d7-8dd5-f7fed627eb25}*SharedItemsImports = 13
		src\Compatibility\ControlGallery\src\Issues.Shared\Compatibility.ControlGallery.Issues.Shared.projitems*{eadd8100-b3ae-4a31-92c4-267a64a1c6eb}*SharedItemsImports = 4
		src\Compatibility\ControlGallery\test\UITests.Shared\Compatibility.UITests.projitems*{eadd8100-b3ae-4a31-92c4-267a64a1c6eb}*SharedItemsImports = 4
	EndGlobalSection
	GlobalSection(SolutionConfigurationPlatforms) = preSolution
		Debug|Any CPU = Debug|Any CPU
		Debug|iPhone = Debug|iPhone
		Debug|iPhoneSimulator = Debug|iPhoneSimulator
		Release|Any CPU = Release|Any CPU
		Release|iPhone = Release|iPhone
		Release|iPhoneSimulator = Release|iPhoneSimulator
	EndGlobalSection
	GlobalSection(ProjectConfigurationPlatforms) = postSolution
		{95BA42B5-B00E-4986-B9B5-517140378452}.Debug|Any CPU.ActiveCfg = Debug|Any CPU
		{95BA42B5-B00E-4986-B9B5-517140378452}.Debug|Any CPU.Build.0 = Debug|Any CPU
		{95BA42B5-B00E-4986-B9B5-517140378452}.Debug|iPhone.ActiveCfg = Debug|Any CPU
		{95BA42B5-B00E-4986-B9B5-517140378452}.Debug|iPhone.Build.0 = Debug|Any CPU
		{95BA42B5-B00E-4986-B9B5-517140378452}.Debug|iPhoneSimulator.ActiveCfg = Debug|Any CPU
		{95BA42B5-B00E-4986-B9B5-517140378452}.Debug|iPhoneSimulator.Build.0 = Debug|Any CPU
		{95BA42B5-B00E-4986-B9B5-517140378452}.Release|Any CPU.ActiveCfg = Release|Any CPU
		{95BA42B5-B00E-4986-B9B5-517140378452}.Release|Any CPU.Build.0 = Release|Any CPU
		{95BA42B5-B00E-4986-B9B5-517140378452}.Release|iPhone.ActiveCfg = Release|Any CPU
		{95BA42B5-B00E-4986-B9B5-517140378452}.Release|iPhone.Build.0 = Release|Any CPU
		{95BA42B5-B00E-4986-B9B5-517140378452}.Release|iPhoneSimulator.ActiveCfg = Release|Any CPU
		{95BA42B5-B00E-4986-B9B5-517140378452}.Release|iPhoneSimulator.Build.0 = Release|Any CPU
		{AF64451F-E2BD-41C2-B083-F60C26AE2A9F}.Debug|Any CPU.ActiveCfg = Debug|Any CPU
		{AF64451F-E2BD-41C2-B083-F60C26AE2A9F}.Debug|Any CPU.Build.0 = Debug|Any CPU
		{AF64451F-E2BD-41C2-B083-F60C26AE2A9F}.Debug|iPhone.ActiveCfg = Debug|Any CPU
		{AF64451F-E2BD-41C2-B083-F60C26AE2A9F}.Debug|iPhone.Build.0 = Debug|Any CPU
		{AF64451F-E2BD-41C2-B083-F60C26AE2A9F}.Debug|iPhoneSimulator.ActiveCfg = Debug|Any CPU
		{AF64451F-E2BD-41C2-B083-F60C26AE2A9F}.Debug|iPhoneSimulator.Build.0 = Debug|Any CPU
		{AF64451F-E2BD-41C2-B083-F60C26AE2A9F}.Release|Any CPU.ActiveCfg = Release|Any CPU
		{AF64451F-E2BD-41C2-B083-F60C26AE2A9F}.Release|Any CPU.Build.0 = Release|Any CPU
		{AF64451F-E2BD-41C2-B083-F60C26AE2A9F}.Release|iPhone.ActiveCfg = Release|Any CPU
		{AF64451F-E2BD-41C2-B083-F60C26AE2A9F}.Release|iPhone.Build.0 = Release|Any CPU
		{AF64451F-E2BD-41C2-B083-F60C26AE2A9F}.Release|iPhoneSimulator.ActiveCfg = Release|Any CPU
		{AF64451F-E2BD-41C2-B083-F60C26AE2A9F}.Release|iPhoneSimulator.Build.0 = Release|Any CPU
		{00A11C2F-969F-4964-8557-91ADF4B1523D}.Debug|Any CPU.ActiveCfg = Debug|Any CPU
		{00A11C2F-969F-4964-8557-91ADF4B1523D}.Debug|Any CPU.Build.0 = Debug|Any CPU
		{00A11C2F-969F-4964-8557-91ADF4B1523D}.Debug|iPhone.ActiveCfg = Debug|Any CPU
		{00A11C2F-969F-4964-8557-91ADF4B1523D}.Debug|iPhone.Build.0 = Debug|Any CPU
		{00A11C2F-969F-4964-8557-91ADF4B1523D}.Debug|iPhoneSimulator.ActiveCfg = Debug|Any CPU
		{00A11C2F-969F-4964-8557-91ADF4B1523D}.Debug|iPhoneSimulator.Build.0 = Debug|Any CPU
		{00A11C2F-969F-4964-8557-91ADF4B1523D}.Release|Any CPU.ActiveCfg = Release|Any CPU
		{00A11C2F-969F-4964-8557-91ADF4B1523D}.Release|Any CPU.Build.0 = Release|Any CPU
		{00A11C2F-969F-4964-8557-91ADF4B1523D}.Release|iPhone.ActiveCfg = Release|Any CPU
		{00A11C2F-969F-4964-8557-91ADF4B1523D}.Release|iPhone.Build.0 = Release|Any CPU
		{00A11C2F-969F-4964-8557-91ADF4B1523D}.Release|iPhoneSimulator.ActiveCfg = Release|Any CPU
		{00A11C2F-969F-4964-8557-91ADF4B1523D}.Release|iPhoneSimulator.Build.0 = Release|Any CPU
		{EB956381-F3E6-437C-9069-36B8BF5C6E2F}.Debug|Any CPU.ActiveCfg = Debug|Any CPU
		{EB956381-F3E6-437C-9069-36B8BF5C6E2F}.Debug|Any CPU.Build.0 = Debug|Any CPU
		{EB956381-F3E6-437C-9069-36B8BF5C6E2F}.Debug|iPhone.ActiveCfg = Debug|Any CPU
		{EB956381-F3E6-437C-9069-36B8BF5C6E2F}.Debug|iPhone.Build.0 = Debug|Any CPU
		{EB956381-F3E6-437C-9069-36B8BF5C6E2F}.Debug|iPhone.Deploy.0 = Debug|Any CPU
		{EB956381-F3E6-437C-9069-36B8BF5C6E2F}.Debug|iPhoneSimulator.ActiveCfg = Debug|Any CPU
		{EB956381-F3E6-437C-9069-36B8BF5C6E2F}.Debug|iPhoneSimulator.Build.0 = Debug|Any CPU
		{EB956381-F3E6-437C-9069-36B8BF5C6E2F}.Debug|iPhoneSimulator.Deploy.0 = Debug|Any CPU
		{EB956381-F3E6-437C-9069-36B8BF5C6E2F}.Release|Any CPU.ActiveCfg = Release|Any CPU
		{EB956381-F3E6-437C-9069-36B8BF5C6E2F}.Release|Any CPU.Build.0 = Release|Any CPU
		{EB956381-F3E6-437C-9069-36B8BF5C6E2F}.Release|iPhone.ActiveCfg = Release|Any CPU
		{EB956381-F3E6-437C-9069-36B8BF5C6E2F}.Release|iPhone.Build.0 = Release|Any CPU
		{EB956381-F3E6-437C-9069-36B8BF5C6E2F}.Release|iPhone.Deploy.0 = Release|Any CPU
		{EB956381-F3E6-437C-9069-36B8BF5C6E2F}.Release|iPhoneSimulator.ActiveCfg = Release|Any CPU
		{EB956381-F3E6-437C-9069-36B8BF5C6E2F}.Release|iPhoneSimulator.Build.0 = Release|Any CPU
		{EB956381-F3E6-437C-9069-36B8BF5C6E2F}.Release|iPhoneSimulator.Deploy.0 = Release|Any CPU
		{B8DC1324-977C-46F1-B697-9064ADE6099A}.Debug|Any CPU.ActiveCfg = Debug|Any CPU
		{B8DC1324-977C-46F1-B697-9064ADE6099A}.Debug|Any CPU.Build.0 = Debug|Any CPU
		{B8DC1324-977C-46F1-B697-9064ADE6099A}.Debug|iPhone.ActiveCfg = Debug|Any CPU
		{B8DC1324-977C-46F1-B697-9064ADE6099A}.Debug|iPhone.Build.0 = Debug|Any CPU
		{B8DC1324-977C-46F1-B697-9064ADE6099A}.Debug|iPhone.Deploy.0 = Debug|Any CPU
		{B8DC1324-977C-46F1-B697-9064ADE6099A}.Debug|iPhoneSimulator.ActiveCfg = Debug|Any CPU
		{B8DC1324-977C-46F1-B697-9064ADE6099A}.Debug|iPhoneSimulator.Build.0 = Debug|Any CPU
		{B8DC1324-977C-46F1-B697-9064ADE6099A}.Debug|iPhoneSimulator.Deploy.0 = Debug|Any CPU
		{B8DC1324-977C-46F1-B697-9064ADE6099A}.Release|Any CPU.ActiveCfg = Release|Any CPU
		{B8DC1324-977C-46F1-B697-9064ADE6099A}.Release|Any CPU.Build.0 = Release|Any CPU
		{B8DC1324-977C-46F1-B697-9064ADE6099A}.Release|iPhone.ActiveCfg = Release|Any CPU
		{B8DC1324-977C-46F1-B697-9064ADE6099A}.Release|iPhone.Build.0 = Release|Any CPU
		{B8DC1324-977C-46F1-B697-9064ADE6099A}.Release|iPhone.Deploy.0 = Release|Any CPU
		{B8DC1324-977C-46F1-B697-9064ADE6099A}.Release|iPhoneSimulator.ActiveCfg = Release|Any CPU
		{B8DC1324-977C-46F1-B697-9064ADE6099A}.Release|iPhoneSimulator.Build.0 = Release|Any CPU
		{B8DC1324-977C-46F1-B697-9064ADE6099A}.Release|iPhoneSimulator.Deploy.0 = Release|Any CPU
		{BE50FAEF-4096-48B5-B9CE-EE0C38F15A18}.Debug|Any CPU.ActiveCfg = Debug|Any CPU
		{BE50FAEF-4096-48B5-B9CE-EE0C38F15A18}.Debug|Any CPU.Build.0 = Debug|Any CPU
		{BE50FAEF-4096-48B5-B9CE-EE0C38F15A18}.Debug|Any CPU.Deploy.0 = Debug|Any CPU
		{BE50FAEF-4096-48B5-B9CE-EE0C38F15A18}.Debug|iPhone.ActiveCfg = Debug|Any CPU
		{BE50FAEF-4096-48B5-B9CE-EE0C38F15A18}.Debug|iPhone.Build.0 = Debug|Any CPU
		{BE50FAEF-4096-48B5-B9CE-EE0C38F15A18}.Debug|iPhone.Deploy.0 = Debug|Any CPU
		{BE50FAEF-4096-48B5-B9CE-EE0C38F15A18}.Debug|iPhoneSimulator.ActiveCfg = Debug|Any CPU
		{BE50FAEF-4096-48B5-B9CE-EE0C38F15A18}.Debug|iPhoneSimulator.Build.0 = Debug|Any CPU
		{BE50FAEF-4096-48B5-B9CE-EE0C38F15A18}.Debug|iPhoneSimulator.Deploy.0 = Debug|Any CPU
		{BE50FAEF-4096-48B5-B9CE-EE0C38F15A18}.Release|Any CPU.ActiveCfg = Release|Any CPU
		{BE50FAEF-4096-48B5-B9CE-EE0C38F15A18}.Release|Any CPU.Build.0 = Release|Any CPU
		{BE50FAEF-4096-48B5-B9CE-EE0C38F15A18}.Release|iPhone.ActiveCfg = Release|Any CPU
		{BE50FAEF-4096-48B5-B9CE-EE0C38F15A18}.Release|iPhone.Build.0 = Release|Any CPU
		{BE50FAEF-4096-48B5-B9CE-EE0C38F15A18}.Release|iPhone.Deploy.0 = Release|Any CPU
		{BE50FAEF-4096-48B5-B9CE-EE0C38F15A18}.Release|iPhoneSimulator.ActiveCfg = Release|Any CPU
		{BE50FAEF-4096-48B5-B9CE-EE0C38F15A18}.Release|iPhoneSimulator.Build.0 = Release|Any CPU
		{BE50FAEF-4096-48B5-B9CE-EE0C38F15A18}.Release|iPhoneSimulator.Deploy.0 = Release|Any CPU
		{1C3439E6-73D7-4F8E-A64A-5448F5CB18DE}.Debug|Any CPU.ActiveCfg = Debug|Any CPU
		{1C3439E6-73D7-4F8E-A64A-5448F5CB18DE}.Debug|Any CPU.Build.0 = Debug|Any CPU
		{1C3439E6-73D7-4F8E-A64A-5448F5CB18DE}.Debug|Any CPU.Deploy.0 = Debug|Any CPU
		{1C3439E6-73D7-4F8E-A64A-5448F5CB18DE}.Debug|iPhone.ActiveCfg = Debug|Any CPU
		{1C3439E6-73D7-4F8E-A64A-5448F5CB18DE}.Debug|iPhone.Build.0 = Debug|Any CPU
		{1C3439E6-73D7-4F8E-A64A-5448F5CB18DE}.Debug|iPhone.Deploy.0 = Debug|Any CPU
		{1C3439E6-73D7-4F8E-A64A-5448F5CB18DE}.Debug|iPhoneSimulator.ActiveCfg = Debug|Any CPU
		{1C3439E6-73D7-4F8E-A64A-5448F5CB18DE}.Debug|iPhoneSimulator.Build.0 = Debug|Any CPU
		{1C3439E6-73D7-4F8E-A64A-5448F5CB18DE}.Debug|iPhoneSimulator.Deploy.0 = Debug|Any CPU
		{1C3439E6-73D7-4F8E-A64A-5448F5CB18DE}.Release|Any CPU.ActiveCfg = Release|Any CPU
		{1C3439E6-73D7-4F8E-A64A-5448F5CB18DE}.Release|Any CPU.Build.0 = Release|Any CPU
		{1C3439E6-73D7-4F8E-A64A-5448F5CB18DE}.Release|iPhone.ActiveCfg = Release|Any CPU
		{1C3439E6-73D7-4F8E-A64A-5448F5CB18DE}.Release|iPhone.Build.0 = Release|Any CPU
		{1C3439E6-73D7-4F8E-A64A-5448F5CB18DE}.Release|iPhone.Deploy.0 = Release|Any CPU
		{1C3439E6-73D7-4F8E-A64A-5448F5CB18DE}.Release|iPhoneSimulator.ActiveCfg = Release|Any CPU
		{1C3439E6-73D7-4F8E-A64A-5448F5CB18DE}.Release|iPhoneSimulator.Build.0 = Release|Any CPU
		{1C3439E6-73D7-4F8E-A64A-5448F5CB18DE}.Release|iPhoneSimulator.Deploy.0 = Release|Any CPU
		{D7FE9FD0-144A-4199-93FC-3AD62325F1D6}.Debug|Any CPU.ActiveCfg = Debug|Any CPU
		{D7FE9FD0-144A-4199-93FC-3AD62325F1D6}.Debug|Any CPU.Build.0 = Debug|Any CPU
		{D7FE9FD0-144A-4199-93FC-3AD62325F1D6}.Debug|iPhone.ActiveCfg = Debug|Any CPU
		{D7FE9FD0-144A-4199-93FC-3AD62325F1D6}.Debug|iPhone.Build.0 = Debug|Any CPU
		{D7FE9FD0-144A-4199-93FC-3AD62325F1D6}.Debug|iPhone.Deploy.0 = Debug|Any CPU
		{D7FE9FD0-144A-4199-93FC-3AD62325F1D6}.Debug|iPhoneSimulator.ActiveCfg = Debug|Any CPU
		{D7FE9FD0-144A-4199-93FC-3AD62325F1D6}.Debug|iPhoneSimulator.Build.0 = Debug|Any CPU
		{D7FE9FD0-144A-4199-93FC-3AD62325F1D6}.Debug|iPhoneSimulator.Deploy.0 = Debug|Any CPU
		{D7FE9FD0-144A-4199-93FC-3AD62325F1D6}.Release|Any CPU.ActiveCfg = Release|Any CPU
		{D7FE9FD0-144A-4199-93FC-3AD62325F1D6}.Release|Any CPU.Build.0 = Release|Any CPU
		{D7FE9FD0-144A-4199-93FC-3AD62325F1D6}.Release|iPhone.ActiveCfg = Release|Any CPU
		{D7FE9FD0-144A-4199-93FC-3AD62325F1D6}.Release|iPhone.Build.0 = Release|Any CPU
		{D7FE9FD0-144A-4199-93FC-3AD62325F1D6}.Release|iPhone.Deploy.0 = Release|Any CPU
		{D7FE9FD0-144A-4199-93FC-3AD62325F1D6}.Release|iPhoneSimulator.ActiveCfg = Release|Any CPU
		{D7FE9FD0-144A-4199-93FC-3AD62325F1D6}.Release|iPhoneSimulator.Build.0 = Release|Any CPU
		{D7FE9FD0-144A-4199-93FC-3AD62325F1D6}.Release|iPhoneSimulator.Deploy.0 = Release|Any CPU
		{CB495F62-CFE6-4975-AED8-F26B6C5D0113}.Debug|Any CPU.ActiveCfg = Debug|Any CPU
		{CB495F62-CFE6-4975-AED8-F26B6C5D0113}.Debug|Any CPU.Build.0 = Debug|Any CPU
		{CB495F62-CFE6-4975-AED8-F26B6C5D0113}.Debug|Any CPU.Deploy.0 = Debug|Any CPU
		{CB495F62-CFE6-4975-AED8-F26B6C5D0113}.Debug|iPhone.ActiveCfg = Debug|Any CPU
		{CB495F62-CFE6-4975-AED8-F26B6C5D0113}.Debug|iPhone.Build.0 = Debug|Any CPU
		{CB495F62-CFE6-4975-AED8-F26B6C5D0113}.Debug|iPhone.Deploy.0 = Debug|Any CPU
		{CB495F62-CFE6-4975-AED8-F26B6C5D0113}.Debug|iPhoneSimulator.ActiveCfg = Debug|Any CPU
		{CB495F62-CFE6-4975-AED8-F26B6C5D0113}.Debug|iPhoneSimulator.Build.0 = Debug|Any CPU
		{CB495F62-CFE6-4975-AED8-F26B6C5D0113}.Debug|iPhoneSimulator.Deploy.0 = Debug|Any CPU
		{CB495F62-CFE6-4975-AED8-F26B6C5D0113}.Release|Any CPU.ActiveCfg = Release|Any CPU
		{CB495F62-CFE6-4975-AED8-F26B6C5D0113}.Release|Any CPU.Build.0 = Release|Any CPU
		{CB495F62-CFE6-4975-AED8-F26B6C5D0113}.Release|iPhone.ActiveCfg = Release|Any CPU
		{CB495F62-CFE6-4975-AED8-F26B6C5D0113}.Release|iPhone.Build.0 = Release|Any CPU
		{CB495F62-CFE6-4975-AED8-F26B6C5D0113}.Release|iPhone.Deploy.0 = Release|Any CPU
		{CB495F62-CFE6-4975-AED8-F26B6C5D0113}.Release|iPhoneSimulator.ActiveCfg = Release|Any CPU
		{CB495F62-CFE6-4975-AED8-F26B6C5D0113}.Release|iPhoneSimulator.Build.0 = Release|Any CPU
		{CB495F62-CFE6-4975-AED8-F26B6C5D0113}.Release|iPhoneSimulator.Deploy.0 = Release|Any CPU
		{75C380E0-CE53-4C01-B89F-CF685331DE18}.Debug|Any CPU.ActiveCfg = Debug|Any CPU
		{75C380E0-CE53-4C01-B89F-CF685331DE18}.Debug|Any CPU.Build.0 = Debug|Any CPU
		{75C380E0-CE53-4C01-B89F-CF685331DE18}.Debug|iPhone.ActiveCfg = Debug|Any CPU
		{75C380E0-CE53-4C01-B89F-CF685331DE18}.Debug|iPhone.Build.0 = Debug|Any CPU
		{75C380E0-CE53-4C01-B89F-CF685331DE18}.Debug|iPhoneSimulator.ActiveCfg = Debug|Any CPU
		{75C380E0-CE53-4C01-B89F-CF685331DE18}.Debug|iPhoneSimulator.Build.0 = Debug|Any CPU
		{75C380E0-CE53-4C01-B89F-CF685331DE18}.Release|Any CPU.ActiveCfg = Release|Any CPU
		{75C380E0-CE53-4C01-B89F-CF685331DE18}.Release|Any CPU.Build.0 = Release|Any CPU
		{75C380E0-CE53-4C01-B89F-CF685331DE18}.Release|iPhone.ActiveCfg = Release|Any CPU
		{75C380E0-CE53-4C01-B89F-CF685331DE18}.Release|iPhone.Build.0 = Release|Any CPU
		{75C380E0-CE53-4C01-B89F-CF685331DE18}.Release|iPhoneSimulator.ActiveCfg = Release|Any CPU
		{75C380E0-CE53-4C01-B89F-CF685331DE18}.Release|iPhoneSimulator.Build.0 = Release|Any CPU
		{39B47A3C-21CA-4B28-9250-14FD957EB0FC}.Debug|Any CPU.ActiveCfg = Debug|Any CPU
		{39B47A3C-21CA-4B28-9250-14FD957EB0FC}.Debug|Any CPU.Build.0 = Debug|Any CPU
		{39B47A3C-21CA-4B28-9250-14FD957EB0FC}.Debug|iPhone.ActiveCfg = Debug|Any CPU
		{39B47A3C-21CA-4B28-9250-14FD957EB0FC}.Debug|iPhone.Build.0 = Debug|Any CPU
		{39B47A3C-21CA-4B28-9250-14FD957EB0FC}.Debug|iPhoneSimulator.ActiveCfg = Debug|Any CPU
		{39B47A3C-21CA-4B28-9250-14FD957EB0FC}.Debug|iPhoneSimulator.Build.0 = Debug|Any CPU
		{39B47A3C-21CA-4B28-9250-14FD957EB0FC}.Release|Any CPU.ActiveCfg = Release|Any CPU
		{39B47A3C-21CA-4B28-9250-14FD957EB0FC}.Release|Any CPU.Build.0 = Release|Any CPU
		{39B47A3C-21CA-4B28-9250-14FD957EB0FC}.Release|iPhone.ActiveCfg = Release|Any CPU
		{39B47A3C-21CA-4B28-9250-14FD957EB0FC}.Release|iPhone.Build.0 = Release|Any CPU
		{39B47A3C-21CA-4B28-9250-14FD957EB0FC}.Release|iPhoneSimulator.ActiveCfg = Release|Any CPU
		{39B47A3C-21CA-4B28-9250-14FD957EB0FC}.Release|iPhoneSimulator.Build.0 = Release|Any CPU
		{9909F93F-C085-4F76-B92A-5D8C516BF47D}.Debug|Any CPU.ActiveCfg = Debug|Any CPU
		{9909F93F-C085-4F76-B92A-5D8C516BF47D}.Debug|Any CPU.Build.0 = Debug|Any CPU
		{9909F93F-C085-4F76-B92A-5D8C516BF47D}.Debug|iPhone.ActiveCfg = Debug|Any CPU
		{9909F93F-C085-4F76-B92A-5D8C516BF47D}.Debug|iPhone.Build.0 = Debug|Any CPU
		{9909F93F-C085-4F76-B92A-5D8C516BF47D}.Debug|iPhoneSimulator.ActiveCfg = Debug|Any CPU
		{9909F93F-C085-4F76-B92A-5D8C516BF47D}.Debug|iPhoneSimulator.Build.0 = Debug|Any CPU
		{9909F93F-C085-4F76-B92A-5D8C516BF47D}.Release|Any CPU.ActiveCfg = Release|Any CPU
		{9909F93F-C085-4F76-B92A-5D8C516BF47D}.Release|Any CPU.Build.0 = Release|Any CPU
		{9909F93F-C085-4F76-B92A-5D8C516BF47D}.Release|iPhone.ActiveCfg = Release|Any CPU
		{9909F93F-C085-4F76-B92A-5D8C516BF47D}.Release|iPhone.Build.0 = Release|Any CPU
		{9909F93F-C085-4F76-B92A-5D8C516BF47D}.Release|iPhoneSimulator.ActiveCfg = Release|Any CPU
		{9909F93F-C085-4F76-B92A-5D8C516BF47D}.Release|iPhoneSimulator.Build.0 = Release|Any CPU
		{5BEB3326-79B4-438C-BF65-274202F387EC}.Debug|Any CPU.ActiveCfg = Debug|Any CPU
		{5BEB3326-79B4-438C-BF65-274202F387EC}.Debug|Any CPU.Build.0 = Debug|Any CPU
		{5BEB3326-79B4-438C-BF65-274202F387EC}.Debug|iPhone.ActiveCfg = Debug|Any CPU
		{5BEB3326-79B4-438C-BF65-274202F387EC}.Debug|iPhone.Build.0 = Debug|Any CPU
		{5BEB3326-79B4-438C-BF65-274202F387EC}.Debug|iPhoneSimulator.ActiveCfg = Debug|Any CPU
		{5BEB3326-79B4-438C-BF65-274202F387EC}.Debug|iPhoneSimulator.Build.0 = Debug|Any CPU
		{5BEB3326-79B4-438C-BF65-274202F387EC}.Release|Any CPU.ActiveCfg = Release|Any CPU
		{5BEB3326-79B4-438C-BF65-274202F387EC}.Release|Any CPU.Build.0 = Release|Any CPU
		{5BEB3326-79B4-438C-BF65-274202F387EC}.Release|iPhone.ActiveCfg = Release|Any CPU
		{5BEB3326-79B4-438C-BF65-274202F387EC}.Release|iPhone.Build.0 = Release|Any CPU
		{5BEB3326-79B4-438C-BF65-274202F387EC}.Release|iPhoneSimulator.ActiveCfg = Release|Any CPU
		{5BEB3326-79B4-438C-BF65-274202F387EC}.Release|iPhoneSimulator.Build.0 = Release|Any CPU
		{CC3D4667-D94E-4276-9311-6439BFD075E4}.Debug|Any CPU.ActiveCfg = Debug|Any CPU
		{CC3D4667-D94E-4276-9311-6439BFD075E4}.Debug|Any CPU.Build.0 = Debug|Any CPU
		{CC3D4667-D94E-4276-9311-6439BFD075E4}.Debug|iPhone.ActiveCfg = Debug|Any CPU
		{CC3D4667-D94E-4276-9311-6439BFD075E4}.Debug|iPhone.Build.0 = Debug|Any CPU
		{CC3D4667-D94E-4276-9311-6439BFD075E4}.Debug|iPhoneSimulator.ActiveCfg = Debug|Any CPU
		{CC3D4667-D94E-4276-9311-6439BFD075E4}.Debug|iPhoneSimulator.Build.0 = Debug|Any CPU
		{CC3D4667-D94E-4276-9311-6439BFD075E4}.Release|Any CPU.ActiveCfg = Release|Any CPU
		{CC3D4667-D94E-4276-9311-6439BFD075E4}.Release|Any CPU.Build.0 = Release|Any CPU
		{CC3D4667-D94E-4276-9311-6439BFD075E4}.Release|iPhone.ActiveCfg = Release|Any CPU
		{CC3D4667-D94E-4276-9311-6439BFD075E4}.Release|iPhone.Build.0 = Release|Any CPU
		{CC3D4667-D94E-4276-9311-6439BFD075E4}.Release|iPhoneSimulator.ActiveCfg = Release|Any CPU
		{CC3D4667-D94E-4276-9311-6439BFD075E4}.Release|iPhoneSimulator.Build.0 = Release|Any CPU
		{DAAC2822-63B6-4DE0-83AE-04873CD2F364}.Debug|Any CPU.ActiveCfg = Debug|Any CPU
		{DAAC2822-63B6-4DE0-83AE-04873CD2F364}.Debug|Any CPU.Build.0 = Debug|Any CPU
		{DAAC2822-63B6-4DE0-83AE-04873CD2F364}.Debug|iPhone.ActiveCfg = Debug|Any CPU
		{DAAC2822-63B6-4DE0-83AE-04873CD2F364}.Debug|iPhone.Build.0 = Debug|Any CPU
		{DAAC2822-63B6-4DE0-83AE-04873CD2F364}.Debug|iPhoneSimulator.ActiveCfg = Debug|Any CPU
		{DAAC2822-63B6-4DE0-83AE-04873CD2F364}.Debug|iPhoneSimulator.Build.0 = Debug|Any CPU
		{DAAC2822-63B6-4DE0-83AE-04873CD2F364}.Release|Any CPU.ActiveCfg = Release|Any CPU
		{DAAC2822-63B6-4DE0-83AE-04873CD2F364}.Release|Any CPU.Build.0 = Release|Any CPU
		{DAAC2822-63B6-4DE0-83AE-04873CD2F364}.Release|iPhone.ActiveCfg = Release|Any CPU
		{DAAC2822-63B6-4DE0-83AE-04873CD2F364}.Release|iPhone.Build.0 = Release|Any CPU
		{DAAC2822-63B6-4DE0-83AE-04873CD2F364}.Release|iPhoneSimulator.ActiveCfg = Release|Any CPU
		{DAAC2822-63B6-4DE0-83AE-04873CD2F364}.Release|iPhoneSimulator.Build.0 = Release|Any CPU
		{FBB3270F-1924-4A72-845E-A6DF39C402F6}.Debug|Any CPU.ActiveCfg = Debug|Any CPU
		{FBB3270F-1924-4A72-845E-A6DF39C402F6}.Debug|Any CPU.Build.0 = Debug|Any CPU
		{FBB3270F-1924-4A72-845E-A6DF39C402F6}.Debug|iPhone.ActiveCfg = Debug|Any CPU
		{FBB3270F-1924-4A72-845E-A6DF39C402F6}.Debug|iPhone.Build.0 = Debug|Any CPU
		{FBB3270F-1924-4A72-845E-A6DF39C402F6}.Debug|iPhoneSimulator.ActiveCfg = Debug|Any CPU
		{FBB3270F-1924-4A72-845E-A6DF39C402F6}.Debug|iPhoneSimulator.Build.0 = Debug|Any CPU
		{FBB3270F-1924-4A72-845E-A6DF39C402F6}.Release|Any CPU.ActiveCfg = Release|Any CPU
		{FBB3270F-1924-4A72-845E-A6DF39C402F6}.Release|Any CPU.Build.0 = Release|Any CPU
		{FBB3270F-1924-4A72-845E-A6DF39C402F6}.Release|iPhone.ActiveCfg = Release|Any CPU
		{FBB3270F-1924-4A72-845E-A6DF39C402F6}.Release|iPhone.Build.0 = Release|Any CPU
		{FBB3270F-1924-4A72-845E-A6DF39C402F6}.Release|iPhoneSimulator.ActiveCfg = Release|Any CPU
		{FBB3270F-1924-4A72-845E-A6DF39C402F6}.Release|iPhoneSimulator.Build.0 = Release|Any CPU
		{92644F6F-5946-48FC-A21A-A3D6EE24E8B3}.Debug|Any CPU.ActiveCfg = Debug|Any CPU
		{92644F6F-5946-48FC-A21A-A3D6EE24E8B3}.Debug|Any CPU.Build.0 = Debug|Any CPU
		{92644F6F-5946-48FC-A21A-A3D6EE24E8B3}.Debug|iPhone.ActiveCfg = Debug|Any CPU
		{92644F6F-5946-48FC-A21A-A3D6EE24E8B3}.Debug|iPhone.Build.0 = Debug|Any CPU
		{92644F6F-5946-48FC-A21A-A3D6EE24E8B3}.Debug|iPhoneSimulator.ActiveCfg = Debug|Any CPU
		{92644F6F-5946-48FC-A21A-A3D6EE24E8B3}.Debug|iPhoneSimulator.Build.0 = Debug|Any CPU
		{92644F6F-5946-48FC-A21A-A3D6EE24E8B3}.Release|Any CPU.ActiveCfg = Release|Any CPU
		{92644F6F-5946-48FC-A21A-A3D6EE24E8B3}.Release|Any CPU.Build.0 = Release|Any CPU
		{92644F6F-5946-48FC-A21A-A3D6EE24E8B3}.Release|iPhone.ActiveCfg = Release|Any CPU
		{92644F6F-5946-48FC-A21A-A3D6EE24E8B3}.Release|iPhone.Build.0 = Release|Any CPU
		{92644F6F-5946-48FC-A21A-A3D6EE24E8B3}.Release|iPhoneSimulator.ActiveCfg = Release|Any CPU
		{92644F6F-5946-48FC-A21A-A3D6EE24E8B3}.Release|iPhoneSimulator.Build.0 = Release|Any CPU
		{F7F2B379-52CE-4802-9EC9-0D7967B6BFB7}.Debug|Any CPU.ActiveCfg = Debug|Any CPU
		{F7F2B379-52CE-4802-9EC9-0D7967B6BFB7}.Debug|Any CPU.Build.0 = Debug|Any CPU
		{F7F2B379-52CE-4802-9EC9-0D7967B6BFB7}.Debug|iPhone.ActiveCfg = Debug|Any CPU
		{F7F2B379-52CE-4802-9EC9-0D7967B6BFB7}.Debug|iPhone.Build.0 = Debug|Any CPU
		{F7F2B379-52CE-4802-9EC9-0D7967B6BFB7}.Debug|iPhone.Deploy.0 = Debug|Any CPU
		{F7F2B379-52CE-4802-9EC9-0D7967B6BFB7}.Debug|iPhoneSimulator.ActiveCfg = Debug|Any CPU
		{F7F2B379-52CE-4802-9EC9-0D7967B6BFB7}.Debug|iPhoneSimulator.Build.0 = Debug|Any CPU
		{F7F2B379-52CE-4802-9EC9-0D7967B6BFB7}.Debug|iPhoneSimulator.Deploy.0 = Debug|Any CPU
		{F7F2B379-52CE-4802-9EC9-0D7967B6BFB7}.Release|Any CPU.ActiveCfg = Release|Any CPU
		{F7F2B379-52CE-4802-9EC9-0D7967B6BFB7}.Release|Any CPU.Build.0 = Release|Any CPU
		{F7F2B379-52CE-4802-9EC9-0D7967B6BFB7}.Release|iPhone.ActiveCfg = Release|Any CPU
		{F7F2B379-52CE-4802-9EC9-0D7967B6BFB7}.Release|iPhone.Build.0 = Release|Any CPU
		{F7F2B379-52CE-4802-9EC9-0D7967B6BFB7}.Release|iPhone.Deploy.0 = Release|Any CPU
		{F7F2B379-52CE-4802-9EC9-0D7967B6BFB7}.Release|iPhoneSimulator.ActiveCfg = Release|Any CPU
		{F7F2B379-52CE-4802-9EC9-0D7967B6BFB7}.Release|iPhoneSimulator.Build.0 = Release|Any CPU
		{F7F2B379-52CE-4802-9EC9-0D7967B6BFB7}.Release|iPhoneSimulator.Deploy.0 = Release|Any CPU
		{F2A419ED-B18E-4075-9969-536C2EC67F82}.Debug|Any CPU.ActiveCfg = Debug|Any CPU
		{F2A419ED-B18E-4075-9969-536C2EC67F82}.Debug|Any CPU.Build.0 = Debug|Any CPU
		{F2A419ED-B18E-4075-9969-536C2EC67F82}.Debug|iPhone.ActiveCfg = Debug|Any CPU
		{F2A419ED-B18E-4075-9969-536C2EC67F82}.Debug|iPhone.Build.0 = Debug|Any CPU
		{F2A419ED-B18E-4075-9969-536C2EC67F82}.Debug|iPhoneSimulator.ActiveCfg = Debug|Any CPU
		{F2A419ED-B18E-4075-9969-536C2EC67F82}.Debug|iPhoneSimulator.Build.0 = Debug|Any CPU
		{F2A419ED-B18E-4075-9969-536C2EC67F82}.Release|Any CPU.ActiveCfg = Release|Any CPU
		{F2A419ED-B18E-4075-9969-536C2EC67F82}.Release|Any CPU.Build.0 = Release|Any CPU
		{F2A419ED-B18E-4075-9969-536C2EC67F82}.Release|iPhone.ActiveCfg = Release|Any CPU
		{F2A419ED-B18E-4075-9969-536C2EC67F82}.Release|iPhone.Build.0 = Release|Any CPU
		{F2A419ED-B18E-4075-9969-536C2EC67F82}.Release|iPhoneSimulator.ActiveCfg = Release|Any CPU
		{F2A419ED-B18E-4075-9969-536C2EC67F82}.Release|iPhoneSimulator.Build.0 = Release|Any CPU
		{F9AEE4C0-9E67-4B87-932E-26EDF0FC932A}.Debug|Any CPU.ActiveCfg = Debug|Any CPU
		{F9AEE4C0-9E67-4B87-932E-26EDF0FC932A}.Debug|Any CPU.Build.0 = Debug|Any CPU
		{F9AEE4C0-9E67-4B87-932E-26EDF0FC932A}.Debug|iPhone.ActiveCfg = Debug|Any CPU
		{F9AEE4C0-9E67-4B87-932E-26EDF0FC932A}.Debug|iPhone.Build.0 = Debug|Any CPU
		{F9AEE4C0-9E67-4B87-932E-26EDF0FC932A}.Debug|iPhoneSimulator.ActiveCfg = Debug|Any CPU
		{F9AEE4C0-9E67-4B87-932E-26EDF0FC932A}.Debug|iPhoneSimulator.Build.0 = Debug|Any CPU
		{F9AEE4C0-9E67-4B87-932E-26EDF0FC932A}.Release|Any CPU.ActiveCfg = Release|Any CPU
		{F9AEE4C0-9E67-4B87-932E-26EDF0FC932A}.Release|Any CPU.Build.0 = Release|Any CPU
		{F9AEE4C0-9E67-4B87-932E-26EDF0FC932A}.Release|iPhone.ActiveCfg = Release|Any CPU
		{F9AEE4C0-9E67-4B87-932E-26EDF0FC932A}.Release|iPhone.Build.0 = Release|Any CPU
		{F9AEE4C0-9E67-4B87-932E-26EDF0FC932A}.Release|iPhoneSimulator.ActiveCfg = Release|Any CPU
		{F9AEE4C0-9E67-4B87-932E-26EDF0FC932A}.Release|iPhoneSimulator.Build.0 = Release|Any CPU
		{4515DAA4-9801-401D-A7A0-38D019B3B19F}.Debug|Any CPU.ActiveCfg = Debug|Any CPU
		{4515DAA4-9801-401D-A7A0-38D019B3B19F}.Debug|Any CPU.Build.0 = Debug|Any CPU
		{4515DAA4-9801-401D-A7A0-38D019B3B19F}.Debug|iPhone.ActiveCfg = Debug|Any CPU
		{4515DAA4-9801-401D-A7A0-38D019B3B19F}.Debug|iPhone.Build.0 = Debug|Any CPU
		{4515DAA4-9801-401D-A7A0-38D019B3B19F}.Debug|iPhoneSimulator.ActiveCfg = Debug|Any CPU
		{4515DAA4-9801-401D-A7A0-38D019B3B19F}.Debug|iPhoneSimulator.Build.0 = Debug|Any CPU
		{4515DAA4-9801-401D-A7A0-38D019B3B19F}.Release|Any CPU.ActiveCfg = Release|Any CPU
		{4515DAA4-9801-401D-A7A0-38D019B3B19F}.Release|Any CPU.Build.0 = Release|Any CPU
		{4515DAA4-9801-401D-A7A0-38D019B3B19F}.Release|iPhone.ActiveCfg = Release|Any CPU
		{4515DAA4-9801-401D-A7A0-38D019B3B19F}.Release|iPhone.Build.0 = Release|Any CPU
		{4515DAA4-9801-401D-A7A0-38D019B3B19F}.Release|iPhoneSimulator.ActiveCfg = Release|Any CPU
		{4515DAA4-9801-401D-A7A0-38D019B3B19F}.Release|iPhoneSimulator.Build.0 = Release|Any CPU
		{22C17254-2CB4-4AE7-A558-E3208E1D19D3}.Debug|Any CPU.ActiveCfg = Debug|Any CPU
		{22C17254-2CB4-4AE7-A558-E3208E1D19D3}.Debug|Any CPU.Build.0 = Debug|Any CPU
		{22C17254-2CB4-4AE7-A558-E3208E1D19D3}.Debug|iPhone.ActiveCfg = Debug|Any CPU
		{22C17254-2CB4-4AE7-A558-E3208E1D19D3}.Debug|iPhone.Build.0 = Debug|Any CPU
		{22C17254-2CB4-4AE7-A558-E3208E1D19D3}.Debug|iPhoneSimulator.ActiveCfg = Debug|Any CPU
		{22C17254-2CB4-4AE7-A558-E3208E1D19D3}.Debug|iPhoneSimulator.Build.0 = Debug|Any CPU
		{22C17254-2CB4-4AE7-A558-E3208E1D19D3}.Release|Any CPU.ActiveCfg = Release|Any CPU
		{22C17254-2CB4-4AE7-A558-E3208E1D19D3}.Release|Any CPU.Build.0 = Release|Any CPU
		{22C17254-2CB4-4AE7-A558-E3208E1D19D3}.Release|iPhone.ActiveCfg = Release|Any CPU
		{22C17254-2CB4-4AE7-A558-E3208E1D19D3}.Release|iPhone.Build.0 = Release|Any CPU
		{22C17254-2CB4-4AE7-A558-E3208E1D19D3}.Release|iPhoneSimulator.ActiveCfg = Release|Any CPU
		{22C17254-2CB4-4AE7-A558-E3208E1D19D3}.Release|iPhoneSimulator.Build.0 = Release|Any CPU
		{ACE5B2A1-4DA9-47A9-8CE7-164595048E6E}.Debug|Any CPU.ActiveCfg = Debug|Any CPU
		{ACE5B2A1-4DA9-47A9-8CE7-164595048E6E}.Debug|Any CPU.Build.0 = Debug|Any CPU
		{ACE5B2A1-4DA9-47A9-8CE7-164595048E6E}.Debug|iPhone.ActiveCfg = Debug|Any CPU
		{ACE5B2A1-4DA9-47A9-8CE7-164595048E6E}.Debug|iPhone.Build.0 = Debug|Any CPU
		{ACE5B2A1-4DA9-47A9-8CE7-164595048E6E}.Debug|iPhoneSimulator.ActiveCfg = Debug|Any CPU
		{ACE5B2A1-4DA9-47A9-8CE7-164595048E6E}.Debug|iPhoneSimulator.Build.0 = Debug|Any CPU
		{ACE5B2A1-4DA9-47A9-8CE7-164595048E6E}.Release|Any CPU.ActiveCfg = Release|Any CPU
		{ACE5B2A1-4DA9-47A9-8CE7-164595048E6E}.Release|Any CPU.Build.0 = Release|Any CPU
		{ACE5B2A1-4DA9-47A9-8CE7-164595048E6E}.Release|iPhone.ActiveCfg = Release|Any CPU
		{ACE5B2A1-4DA9-47A9-8CE7-164595048E6E}.Release|iPhone.Build.0 = Release|Any CPU
		{ACE5B2A1-4DA9-47A9-8CE7-164595048E6E}.Release|iPhoneSimulator.ActiveCfg = Release|Any CPU
		{ACE5B2A1-4DA9-47A9-8CE7-164595048E6E}.Release|iPhoneSimulator.Build.0 = Release|Any CPU
		{E4B95A7E-968D-4970-80C9-A1CAD14E31EC}.Debug|Any CPU.ActiveCfg = Debug|Any CPU
		{E4B95A7E-968D-4970-80C9-A1CAD14E31EC}.Debug|Any CPU.Build.0 = Debug|Any CPU
		{E4B95A7E-968D-4970-80C9-A1CAD14E31EC}.Debug|Any CPU.Deploy.0 = Debug|Any CPU
		{E4B95A7E-968D-4970-80C9-A1CAD14E31EC}.Debug|iPhone.ActiveCfg = Debug|Any CPU
		{E4B95A7E-968D-4970-80C9-A1CAD14E31EC}.Debug|iPhone.Build.0 = Debug|Any CPU
		{E4B95A7E-968D-4970-80C9-A1CAD14E31EC}.Debug|iPhone.Deploy.0 = Debug|Any CPU
		{E4B95A7E-968D-4970-80C9-A1CAD14E31EC}.Debug|iPhoneSimulator.ActiveCfg = Debug|Any CPU
		{E4B95A7E-968D-4970-80C9-A1CAD14E31EC}.Debug|iPhoneSimulator.Build.0 = Debug|Any CPU
		{E4B95A7E-968D-4970-80C9-A1CAD14E31EC}.Debug|iPhoneSimulator.Deploy.0 = Debug|Any CPU
		{E4B95A7E-968D-4970-80C9-A1CAD14E31EC}.Release|Any CPU.ActiveCfg = Release|Any CPU
		{E4B95A7E-968D-4970-80C9-A1CAD14E31EC}.Release|Any CPU.Build.0 = Release|Any CPU
		{E4B95A7E-968D-4970-80C9-A1CAD14E31EC}.Release|Any CPU.Deploy.0 = Release|Any CPU
		{E4B95A7E-968D-4970-80C9-A1CAD14E31EC}.Release|iPhone.ActiveCfg = Release|Any CPU
		{E4B95A7E-968D-4970-80C9-A1CAD14E31EC}.Release|iPhone.Build.0 = Release|Any CPU
		{E4B95A7E-968D-4970-80C9-A1CAD14E31EC}.Release|iPhone.Deploy.0 = Release|Any CPU
		{E4B95A7E-968D-4970-80C9-A1CAD14E31EC}.Release|iPhoneSimulator.ActiveCfg = Release|Any CPU
		{E4B95A7E-968D-4970-80C9-A1CAD14E31EC}.Release|iPhoneSimulator.Build.0 = Release|Any CPU
		{E4B95A7E-968D-4970-80C9-A1CAD14E31EC}.Release|iPhoneSimulator.Deploy.0 = Release|Any CPU
		{05DB57B8-D0A5-499B-AD35-7093C2E9C9D7}.Debug|Any CPU.ActiveCfg = Debug|Any CPU
		{05DB57B8-D0A5-499B-AD35-7093C2E9C9D7}.Debug|Any CPU.Build.0 = Debug|Any CPU
		{05DB57B8-D0A5-499B-AD35-7093C2E9C9D7}.Debug|iPhone.ActiveCfg = Debug|Any CPU
		{05DB57B8-D0A5-499B-AD35-7093C2E9C9D7}.Debug|iPhone.Build.0 = Debug|Any CPU
		{05DB57B8-D0A5-499B-AD35-7093C2E9C9D7}.Debug|iPhoneSimulator.ActiveCfg = Debug|Any CPU
		{05DB57B8-D0A5-499B-AD35-7093C2E9C9D7}.Debug|iPhoneSimulator.Build.0 = Debug|Any CPU
		{05DB57B8-D0A5-499B-AD35-7093C2E9C9D7}.Release|Any CPU.ActiveCfg = Release|Any CPU
		{05DB57B8-D0A5-499B-AD35-7093C2E9C9D7}.Release|Any CPU.Build.0 = Release|Any CPU
		{05DB57B8-D0A5-499B-AD35-7093C2E9C9D7}.Release|iPhone.ActiveCfg = Release|Any CPU
		{05DB57B8-D0A5-499B-AD35-7093C2E9C9D7}.Release|iPhone.Build.0 = Release|Any CPU
		{05DB57B8-D0A5-499B-AD35-7093C2E9C9D7}.Release|iPhoneSimulator.ActiveCfg = Release|Any CPU
		{05DB57B8-D0A5-499B-AD35-7093C2E9C9D7}.Release|iPhoneSimulator.Build.0 = Release|Any CPU
		{5256004D-AA93-4C44-A59E-026E12756BD1}.Debug|Any CPU.ActiveCfg = Debug|Any CPU
		{5256004D-AA93-4C44-A59E-026E12756BD1}.Debug|Any CPU.Build.0 = Debug|Any CPU
		{5256004D-AA93-4C44-A59E-026E12756BD1}.Debug|iPhone.ActiveCfg = Debug|Any CPU
		{5256004D-AA93-4C44-A59E-026E12756BD1}.Debug|iPhone.Build.0 = Debug|Any CPU
		{5256004D-AA93-4C44-A59E-026E12756BD1}.Debug|iPhoneSimulator.ActiveCfg = Debug|Any CPU
		{5256004D-AA93-4C44-A59E-026E12756BD1}.Debug|iPhoneSimulator.Build.0 = Debug|Any CPU
		{5256004D-AA93-4C44-A59E-026E12756BD1}.Release|Any CPU.ActiveCfg = Release|Any CPU
		{5256004D-AA93-4C44-A59E-026E12756BD1}.Release|Any CPU.Build.0 = Release|Any CPU
		{5256004D-AA93-4C44-A59E-026E12756BD1}.Release|iPhone.ActiveCfg = Release|Any CPU
		{5256004D-AA93-4C44-A59E-026E12756BD1}.Release|iPhone.Build.0 = Release|Any CPU
		{5256004D-AA93-4C44-A59E-026E12756BD1}.Release|iPhoneSimulator.ActiveCfg = Release|Any CPU
		{5256004D-AA93-4C44-A59E-026E12756BD1}.Release|iPhoneSimulator.Build.0 = Release|Any CPU
		{9F1E0CE0-BF56-433F-8238-6C2B880EEF18}.Debug|Any CPU.ActiveCfg = Debug|Any CPU
		{9F1E0CE0-BF56-433F-8238-6C2B880EEF18}.Debug|Any CPU.Build.0 = Debug|Any CPU
		{9F1E0CE0-BF56-433F-8238-6C2B880EEF18}.Debug|iPhone.ActiveCfg = Debug|Any CPU
		{9F1E0CE0-BF56-433F-8238-6C2B880EEF18}.Debug|iPhone.Build.0 = Debug|Any CPU
		{9F1E0CE0-BF56-433F-8238-6C2B880EEF18}.Debug|iPhoneSimulator.ActiveCfg = Debug|Any CPU
		{9F1E0CE0-BF56-433F-8238-6C2B880EEF18}.Debug|iPhoneSimulator.Build.0 = Debug|Any CPU
		{9F1E0CE0-BF56-433F-8238-6C2B880EEF18}.Release|Any CPU.ActiveCfg = Release|Any CPU
		{9F1E0CE0-BF56-433F-8238-6C2B880EEF18}.Release|Any CPU.Build.0 = Release|Any CPU
		{9F1E0CE0-BF56-433F-8238-6C2B880EEF18}.Release|iPhone.ActiveCfg = Release|Any CPU
		{9F1E0CE0-BF56-433F-8238-6C2B880EEF18}.Release|iPhone.Build.0 = Release|Any CPU
		{9F1E0CE0-BF56-433F-8238-6C2B880EEF18}.Release|iPhoneSimulator.ActiveCfg = Release|Any CPU
		{9F1E0CE0-BF56-433F-8238-6C2B880EEF18}.Release|iPhoneSimulator.Build.0 = Release|Any CPU
		{3E944BE9-8762-454F-AD63-0E6965D36383}.Debug|Any CPU.ActiveCfg = Debug|Any CPU
		{3E944BE9-8762-454F-AD63-0E6965D36383}.Debug|Any CPU.Build.0 = Debug|Any CPU
		{3E944BE9-8762-454F-AD63-0E6965D36383}.Debug|Any CPU.Deploy.0 = Debug|Any CPU
		{3E944BE9-8762-454F-AD63-0E6965D36383}.Debug|iPhone.ActiveCfg = Debug|Any CPU
		{3E944BE9-8762-454F-AD63-0E6965D36383}.Debug|iPhone.Build.0 = Debug|Any CPU
		{3E944BE9-8762-454F-AD63-0E6965D36383}.Debug|iPhone.Deploy.0 = Debug|Any CPU
		{3E944BE9-8762-454F-AD63-0E6965D36383}.Debug|iPhoneSimulator.ActiveCfg = Debug|Any CPU
		{3E944BE9-8762-454F-AD63-0E6965D36383}.Debug|iPhoneSimulator.Build.0 = Debug|Any CPU
		{3E944BE9-8762-454F-AD63-0E6965D36383}.Debug|iPhoneSimulator.Deploy.0 = Debug|Any CPU
		{3E944BE9-8762-454F-AD63-0E6965D36383}.Release|Any CPU.ActiveCfg = Release|Any CPU
		{3E944BE9-8762-454F-AD63-0E6965D36383}.Release|Any CPU.Build.0 = Release|Any CPU
		{3E944BE9-8762-454F-AD63-0E6965D36383}.Release|Any CPU.Deploy.0 = Release|Any CPU
		{3E944BE9-8762-454F-AD63-0E6965D36383}.Release|iPhone.ActiveCfg = Release|Any CPU
		{3E944BE9-8762-454F-AD63-0E6965D36383}.Release|iPhone.Build.0 = Release|Any CPU
		{3E944BE9-8762-454F-AD63-0E6965D36383}.Release|iPhone.Deploy.0 = Release|Any CPU
		{3E944BE9-8762-454F-AD63-0E6965D36383}.Release|iPhoneSimulator.ActiveCfg = Release|Any CPU
		{3E944BE9-8762-454F-AD63-0E6965D36383}.Release|iPhoneSimulator.Build.0 = Release|Any CPU
		{3E944BE9-8762-454F-AD63-0E6965D36383}.Release|iPhoneSimulator.Deploy.0 = Release|Any CPU
		{2C153F56-1E1F-4F1C-B59B-BCE1375666B7}.Debug|Any CPU.ActiveCfg = Debug|Any CPU
		{2C153F56-1E1F-4F1C-B59B-BCE1375666B7}.Debug|Any CPU.Build.0 = Debug|Any CPU
		{2C153F56-1E1F-4F1C-B59B-BCE1375666B7}.Debug|iPhone.ActiveCfg = Debug|Any CPU
		{2C153F56-1E1F-4F1C-B59B-BCE1375666B7}.Debug|iPhone.Build.0 = Debug|Any CPU
		{2C153F56-1E1F-4F1C-B59B-BCE1375666B7}.Debug|iPhoneSimulator.ActiveCfg = Debug|Any CPU
		{2C153F56-1E1F-4F1C-B59B-BCE1375666B7}.Debug|iPhoneSimulator.Build.0 = Debug|Any CPU
		{2C153F56-1E1F-4F1C-B59B-BCE1375666B7}.Release|Any CPU.ActiveCfg = Release|Any CPU
		{2C153F56-1E1F-4F1C-B59B-BCE1375666B7}.Release|Any CPU.Build.0 = Release|Any CPU
		{2C153F56-1E1F-4F1C-B59B-BCE1375666B7}.Release|iPhone.ActiveCfg = Release|Any CPU
		{2C153F56-1E1F-4F1C-B59B-BCE1375666B7}.Release|iPhone.Build.0 = Release|Any CPU
		{2C153F56-1E1F-4F1C-B59B-BCE1375666B7}.Release|iPhoneSimulator.ActiveCfg = Release|Any CPU
		{2C153F56-1E1F-4F1C-B59B-BCE1375666B7}.Release|iPhoneSimulator.Build.0 = Release|Any CPU
		{EADD8100-B3AE-4A31-92C4-267A64A1C6EB}.Debug|Any CPU.ActiveCfg = Debug|Any CPU
		{EADD8100-B3AE-4A31-92C4-267A64A1C6EB}.Debug|Any CPU.Build.0 = Debug|Any CPU
		{EADD8100-B3AE-4A31-92C4-267A64A1C6EB}.Debug|iPhone.ActiveCfg = Debug|Any CPU
		{EADD8100-B3AE-4A31-92C4-267A64A1C6EB}.Debug|iPhoneSimulator.ActiveCfg = Debug|Any CPU
		{EADD8100-B3AE-4A31-92C4-267A64A1C6EB}.Release|Any CPU.ActiveCfg = Release|Any CPU
		{EADD8100-B3AE-4A31-92C4-267A64A1C6EB}.Release|Any CPU.Build.0 = Release|Any CPU
		{EADD8100-B3AE-4A31-92C4-267A64A1C6EB}.Release|iPhone.ActiveCfg = Release|Any CPU
		{EADD8100-B3AE-4A31-92C4-267A64A1C6EB}.Release|iPhoneSimulator.ActiveCfg = Release|Any CPU
		{61B7CAA3-0050-4223-A4D5-301E1D1EBA32}.Debug|Any CPU.ActiveCfg = Debug|Any CPU
		{61B7CAA3-0050-4223-A4D5-301E1D1EBA32}.Debug|Any CPU.Build.0 = Debug|Any CPU
		{61B7CAA3-0050-4223-A4D5-301E1D1EBA32}.Debug|iPhone.ActiveCfg = Debug|Any CPU
		{61B7CAA3-0050-4223-A4D5-301E1D1EBA32}.Debug|iPhone.Build.0 = Debug|Any CPU
		{61B7CAA3-0050-4223-A4D5-301E1D1EBA32}.Debug|iPhoneSimulator.ActiveCfg = Debug|Any CPU
		{61B7CAA3-0050-4223-A4D5-301E1D1EBA32}.Debug|iPhoneSimulator.Build.0 = Debug|Any CPU
		{61B7CAA3-0050-4223-A4D5-301E1D1EBA32}.Release|Any CPU.ActiveCfg = Release|Any CPU
		{61B7CAA3-0050-4223-A4D5-301E1D1EBA32}.Release|Any CPU.Build.0 = Release|Any CPU
		{61B7CAA3-0050-4223-A4D5-301E1D1EBA32}.Release|iPhone.ActiveCfg = Release|Any CPU
		{61B7CAA3-0050-4223-A4D5-301E1D1EBA32}.Release|iPhone.Build.0 = Release|Any CPU
		{61B7CAA3-0050-4223-A4D5-301E1D1EBA32}.Release|iPhoneSimulator.ActiveCfg = Release|Any CPU
		{61B7CAA3-0050-4223-A4D5-301E1D1EBA32}.Release|iPhoneSimulator.Build.0 = Release|Any CPU
		{B90E5807-B4E6-4643-81F0-F1C7D1ECC6D2}.Debug|Any CPU.ActiveCfg = Debug|Any CPU
		{B90E5807-B4E6-4643-81F0-F1C7D1ECC6D2}.Debug|Any CPU.Build.0 = Debug|Any CPU
		{B90E5807-B4E6-4643-81F0-F1C7D1ECC6D2}.Debug|iPhone.ActiveCfg = Debug|Any CPU
		{B90E5807-B4E6-4643-81F0-F1C7D1ECC6D2}.Debug|iPhone.Build.0 = Debug|Any CPU
		{B90E5807-B4E6-4643-81F0-F1C7D1ECC6D2}.Debug|iPhoneSimulator.ActiveCfg = Debug|Any CPU
		{B90E5807-B4E6-4643-81F0-F1C7D1ECC6D2}.Debug|iPhoneSimulator.Build.0 = Debug|Any CPU
		{B90E5807-B4E6-4643-81F0-F1C7D1ECC6D2}.Release|Any CPU.ActiveCfg = Release|Any CPU
		{B90E5807-B4E6-4643-81F0-F1C7D1ECC6D2}.Release|Any CPU.Build.0 = Release|Any CPU
		{B90E5807-B4E6-4643-81F0-F1C7D1ECC6D2}.Release|iPhone.ActiveCfg = Release|Any CPU
		{B90E5807-B4E6-4643-81F0-F1C7D1ECC6D2}.Release|iPhone.Build.0 = Release|Any CPU
		{B90E5807-B4E6-4643-81F0-F1C7D1ECC6D2}.Release|iPhoneSimulator.ActiveCfg = Release|Any CPU
		{B90E5807-B4E6-4643-81F0-F1C7D1ECC6D2}.Release|iPhoneSimulator.Build.0 = Release|Any CPU
		{0870578B-9E45-4418-83F1-3CB8940C1847}.Debug|Any CPU.ActiveCfg = Debug|Any CPU
		{0870578B-9E45-4418-83F1-3CB8940C1847}.Debug|Any CPU.Build.0 = Debug|Any CPU
		{0870578B-9E45-4418-83F1-3CB8940C1847}.Debug|iPhone.ActiveCfg = Debug|Any CPU
		{0870578B-9E45-4418-83F1-3CB8940C1847}.Debug|iPhone.Build.0 = Debug|Any CPU
		{0870578B-9E45-4418-83F1-3CB8940C1847}.Debug|iPhoneSimulator.ActiveCfg = Debug|Any CPU
		{0870578B-9E45-4418-83F1-3CB8940C1847}.Debug|iPhoneSimulator.Build.0 = Debug|Any CPU
		{0870578B-9E45-4418-83F1-3CB8940C1847}.Release|Any CPU.ActiveCfg = Release|Any CPU
		{0870578B-9E45-4418-83F1-3CB8940C1847}.Release|Any CPU.Build.0 = Release|Any CPU
		{0870578B-9E45-4418-83F1-3CB8940C1847}.Release|iPhone.ActiveCfg = Release|Any CPU
		{0870578B-9E45-4418-83F1-3CB8940C1847}.Release|iPhone.Build.0 = Release|Any CPU
		{0870578B-9E45-4418-83F1-3CB8940C1847}.Release|iPhoneSimulator.ActiveCfg = Release|Any CPU
		{0870578B-9E45-4418-83F1-3CB8940C1847}.Release|iPhoneSimulator.Build.0 = Release|Any CPU
		{C7131F14-274F-4B55-ACA9-E81731AD012F}.Debug|Any CPU.ActiveCfg = Debug|iPhoneSimulator
		{C7131F14-274F-4B55-ACA9-E81731AD012F}.Debug|iPhone.ActiveCfg = Debug|iPhone
		{C7131F14-274F-4B55-ACA9-E81731AD012F}.Debug|iPhone.Build.0 = Debug|iPhone
		{C7131F14-274F-4B55-ACA9-E81731AD012F}.Debug|iPhoneSimulator.ActiveCfg = Debug|iPhoneSimulator
		{C7131F14-274F-4B55-ACA9-E81731AD012F}.Debug|iPhoneSimulator.Build.0 = Debug|iPhoneSimulator
		{C7131F14-274F-4B55-ACA9-E81731AD012F}.Release|Any CPU.ActiveCfg = Release|iPhoneSimulator
		{C7131F14-274F-4B55-ACA9-E81731AD012F}.Release|iPhone.ActiveCfg = Release|iPhone
		{C7131F14-274F-4B55-ACA9-E81731AD012F}.Release|iPhone.Build.0 = Release|iPhone
		{C7131F14-274F-4B55-ACA9-E81731AD012F}.Release|iPhoneSimulator.ActiveCfg = Release|iPhoneSimulator
		{C7131F14-274F-4B55-ACA9-E81731AD012F}.Release|iPhoneSimulator.Build.0 = Release|iPhoneSimulator
		{D084EF3B-89DD-4D81-A8BE-0DA7CFC2A82B}.Debug|Any CPU.ActiveCfg = Debug|Any CPU
		{D084EF3B-89DD-4D81-A8BE-0DA7CFC2A82B}.Debug|Any CPU.Build.0 = Debug|Any CPU
		{D084EF3B-89DD-4D81-A8BE-0DA7CFC2A82B}.Debug|iPhone.ActiveCfg = Debug|Any CPU
		{D084EF3B-89DD-4D81-A8BE-0DA7CFC2A82B}.Debug|iPhone.Build.0 = Debug|Any CPU
		{D084EF3B-89DD-4D81-A8BE-0DA7CFC2A82B}.Debug|iPhoneSimulator.ActiveCfg = Debug|Any CPU
		{D084EF3B-89DD-4D81-A8BE-0DA7CFC2A82B}.Debug|iPhoneSimulator.Build.0 = Debug|Any CPU
		{D084EF3B-89DD-4D81-A8BE-0DA7CFC2A82B}.Release|Any CPU.ActiveCfg = Release|Any CPU
		{D084EF3B-89DD-4D81-A8BE-0DA7CFC2A82B}.Release|Any CPU.Build.0 = Release|Any CPU
		{D084EF3B-89DD-4D81-A8BE-0DA7CFC2A82B}.Release|iPhone.ActiveCfg = Release|Any CPU
		{D084EF3B-89DD-4D81-A8BE-0DA7CFC2A82B}.Release|iPhone.Build.0 = Release|Any CPU
		{D084EF3B-89DD-4D81-A8BE-0DA7CFC2A82B}.Release|iPhoneSimulator.ActiveCfg = Release|Any CPU
		{D084EF3B-89DD-4D81-A8BE-0DA7CFC2A82B}.Release|iPhoneSimulator.Build.0 = Release|Any CPU
	EndGlobalSection
	GlobalSection(SolutionProperties) = preSolution
		HideSolutionNode = FALSE
	EndGlobalSection
	GlobalSection(NestedProjects) = preSolution
		{95BA42B5-B00E-4986-B9B5-517140378452} = {E8AD265B-3C67-4640-AC58-A522F9FB3361}
		{AF64451F-E2BD-41C2-B083-F60C26AE2A9F} = {50C758FE-4E10-409A-94F5-A75480960864}
		{00A11C2F-969F-4964-8557-91ADF4B1523D} = {2B9D498E-DB43-4FA9-A62E-3781D3B70F75}
		{EB956381-F3E6-437C-9069-36B8BF5C6E2F} = {2B9D498E-DB43-4FA9-A62E-3781D3B70F75}
		{E1082E26-D700-4127-9329-66D673FD2D55} = {459BF674-83CB-46F6-881F-A2D2117DBF4D}
		{B8DC1324-977C-46F1-B697-9064ADE6099A} = {E1082E26-D700-4127-9329-66D673FD2D55}
		{BE50FAEF-4096-48B5-B9CE-EE0C38F15A18} = {E1082E26-D700-4127-9329-66D673FD2D55}
		{1C3439E6-73D7-4F8E-A64A-5448F5CB18DE} = {E1082E26-D700-4127-9329-66D673FD2D55}
		{D7FE9FD0-144A-4199-93FC-3AD62325F1D6} = {E1082E26-D700-4127-9329-66D673FD2D55}
		{CB495F62-CFE6-4975-AED8-F26B6C5D0113} = {E1082E26-D700-4127-9329-66D673FD2D55}
		{123AA89E-1638-4E0E-B828-B8F9F9F906A2} = {459BF674-83CB-46F6-881F-A2D2117DBF4D}
		{75C380E0-CE53-4C01-B89F-CF685331DE18} = {50C758FE-4E10-409A-94F5-A75480960864}
		{39B47A3C-21CA-4B28-9250-14FD957EB0FC} = {94F3C036-A5F4-4ACC-A028-8506802ADB88}
		{9909F93F-C085-4F76-B92A-5D8C516BF47D} = {F3FFE2E4-E89E-46A9-A180-FDA8908BA21D}
		{CC3D4667-D94E-4276-9311-6439BFD075E4} = {50C758FE-4E10-409A-94F5-A75480960864}
		{DAAC2822-63B6-4DE0-83AE-04873CD2F364} = {72397ADB-40A8-4B8E-8E08-2DBE2803C845}
		{FBB3270F-1924-4A72-845E-A6DF39C402F6} = {6998CAA1-11D4-46B2-B80F-0AC882F58124}
		{92644F6F-5946-48FC-A21A-A3D6EE24E8B3} = {C564DDD6-DE79-45CD-88EA-3F690481572A}
		{E8AD265B-3C67-4640-AC58-A522F9FB3361} = {09C264E9-E3F3-4586-9151-DCBB1F6DA7AB}
		{C564DDD6-DE79-45CD-88EA-3F690481572A} = {09C264E9-E3F3-4586-9151-DCBB1F6DA7AB}
		{50C758FE-4E10-409A-94F5-A75480960864} = {459BF674-83CB-46F6-881F-A2D2117DBF4D}
		{F7F2B379-52CE-4802-9EC9-0D7967B6BFB7} = {1614D1A4-5C3D-4D5B-8C89-426E37A564EF}
		{F2A419ED-B18E-4075-9969-536C2EC67F82} = {50C758FE-4E10-409A-94F5-A75480960864}
		{F9AEE4C0-9E67-4B87-932E-26EDF0FC932A} = {50C758FE-4E10-409A-94F5-A75480960864}
		{4515DAA4-9801-401D-A7A0-38D019B3B19F} = {A8E9400E-70DD-421F-8609-1C2FA4AE8E71}
		{22C17254-2CB4-4AE7-A558-E3208E1D19D3} = {50C758FE-4E10-409A-94F5-A75480960864}
		{ACE5B2A1-4DA9-47A9-8CE7-164595048E6E} = {6998CAA1-11D4-46B2-B80F-0AC882F58124}
		{E4B95A7E-968D-4970-80C9-A1CAD14E31EC} = {C564DDD6-DE79-45CD-88EA-3F690481572A}
		{F3FFE2E4-E89E-46A9-A180-FDA8908BA21D} = {D5478E0A-5D9C-4C1F-980C-7A9FC71F925E}
		{E25E7929-2423-4C8A-9B03-DC4C8B19A2E5} = {D5478E0A-5D9C-4C1F-980C-7A9FC71F925E}
		{05DB57B8-D0A5-499B-AD35-7093C2E9C9D7} = {E25E7929-2423-4C8A-9B03-DC4C8B19A2E5}
		{A8E9400E-70DD-421F-8609-1C2FA4AE8E71} = {1614D1A4-5C3D-4D5B-8C89-426E37A564EF}
		{5256004D-AA93-4C44-A59E-026E12756BD1} = {1614D1A4-5C3D-4D5B-8C89-426E37A564EF}
		{9F1E0CE0-BF56-433F-8238-6C2B880EEF18} = {A8E9400E-70DD-421F-8609-1C2FA4AE8E71}
		{2B9D498E-DB43-4FA9-A62E-3781D3B70F75} = {123AA89E-1638-4E0E-B828-B8F9F9F906A2}
		{AB8AC5E6-3FED-40E5-89A4-7DBCBB23882A} = {123AA89E-1638-4E0E-B828-B8F9F9F906A2}
		{C024CA06-323D-4A69-8C24-29FA935E5CEC} = {123AA89E-1638-4E0E-B828-B8F9F9F906A2}
		{43DBC453-37AA-4CE0-9B14-75F680F73983} = {C024CA06-323D-4A69-8C24-29FA935E5CEC}
		{486F33D7-541C-444F-8DD0-CBFAD645EB1E} = {C024CA06-323D-4A69-8C24-29FA935E5CEC}
		{3E944BE9-8762-454F-AD63-0E6965D36383} = {AB8AC5E6-3FED-40E5-89A4-7DBCBB23882A}
		{2C153F56-1E1F-4F1C-B59B-BCE1375666B7} = {AB8AC5E6-3FED-40E5-89A4-7DBCBB23882A}
		{EADD8100-B3AE-4A31-92C4-267A64A1C6EB} = {486F33D7-541C-444F-8DD0-CBFAD645EB1E}
		{61B7CAA3-0050-4223-A4D5-301E1D1EBA32} = {50C758FE-4E10-409A-94F5-A75480960864}
		{E175485B-3C8C-47D7-8DD5-F7FED627EB25} = {43DBC453-37AA-4CE0-9B14-75F680F73983}
		{AE2513CB-4E5E-4E5C-8237-88954D4C9433} = {43DBC453-37AA-4CE0-9B14-75F680F73983}
		{B90E5807-B4E6-4643-81F0-F1C7D1ECC6D2} = {43DBC453-37AA-4CE0-9B14-75F680F73983}
		{0870578B-9E45-4418-83F1-3CB8940C1847} = {43DBC453-37AA-4CE0-9B14-75F680F73983}
		{C7131F14-274F-4B55-ACA9-E81731AD012F} = {43DBC453-37AA-4CE0-9B14-75F680F73983}
		{D084EF3B-89DD-4D81-A8BE-0DA7CFC2A82B} = {2B9D498E-DB43-4FA9-A62E-3781D3B70F75}
	EndGlobalSection
	GlobalSection(ExtensibilityGlobals) = postSolution
		SolutionGuid = {0B8ABEAD-D2B5-4370-A187-62B5ABE4EE50}
	EndGlobalSection
EndGlobal
